
Microsoft Visual Studio Solution File, Format Version 12.00
# Visual Studio 15
VisualStudioVersion = 15.0.26430.6
MinimumVisualStudioVersion = 10.0.40219.1
Project("{FAE04EC0-301F-11D3-BF4B-00C04F79EFBC}") = "IO_Lab3", "IO_Lab3\IO_Lab3.csproj", "{71A4BFA6-0E1B-4C14-8AA8-4D4C21EE6CAF}"
EndProject
Project("{FAE04EC0-301F-11D3-BF4B-00C04F79EFBC}") = "Zad12", "Zad12\Zad12.csproj", "{94382DB4-5B24-4D3E-99DF-39B4B03B8E0A}"
EndProject
Project("{FAE04EC0-301F-11D3-BF4B-00C04F79EFBC}") = "Zad13", "Zad13\Zad13.csproj", "{B5125C96-2596-4674-B089-6087FCB91077}"
EndProject
Project("{FAE04EC0-301F-11D3-BF4B-00C04F79EFBC}") = "Zad14", "Lab14\Zad14.csproj", "{3B69C66D-46D3-4D08-B1CC-8FD9206C5AE9}"
EndProject
Project("{FAE04EC0-301F-11D3-BF4B-00C04F79EFBC}") = "Zad 15 SerwerKlientDodatkowe", "SerwerKlientDodatkowe\Zad 15 SerwerKlientDodatkowe.csproj", "{8D008ABE-4963-417F-89BE-3349B4FB825F}"
EndProject
Project("{FAE04EC0-301F-11D3-BF4B-00C04F79EFBC}") = "Zad IV dodatkowe", "Zad IV dodatkowe\Zad IV dodatkowe.csproj", "{58DE8645-69B2-4124-A4B7-8FF07C2947CE}"
EndProject
Global
	GlobalSection(SolutionConfigurationPlatforms) = preSolution
		Debug|Any CPU = Debug|Any CPU
		Release|Any CPU = Release|Any CPU
	EndGlobalSection
	GlobalSection(ProjectConfigurationPlatforms) = postSolution
		{71A4BFA6-0E1B-4C14-8AA8-4D4C21EE6CAF}.Debug|Any CPU.ActiveCfg = Debug|Any CPU
		{71A4BFA6-0E1B-4C14-8AA8-4D4C21EE6CAF}.Debug|Any CPU.Build.0 = Debug|Any CPU
		{71A4BFA6-0E1B-4C14-8AA8-4D4C21EE6CAF}.Release|Any CPU.ActiveCfg = Release|Any CPU
		{71A4BFA6-0E1B-4C14-8AA8-4D4C21EE6CAF}.Release|Any CPU.Build.0 = Release|Any CPU
		{94382DB4-5B24-4D3E-99DF-39B4B03B8E0A}.Debug|Any CPU.ActiveCfg = Debug|Any CPU
		{94382DB4-5B24-4D3E-99DF-39B4B03B8E0A}.Debug|Any CPU.Build.0 = Debug|Any CPU
		{94382DB4-5B24-4D3E-99DF-39B4B03B8E0A}.Release|Any CPU.ActiveCfg = Release|Any CPU
		{94382DB4-5B24-4D3E-99DF-39B4B03B8E0A}.Release|Any CPU.Build.0 = Release|Any CPU
		{B5125C96-2596-4674-B089-6087FCB91077}.Debug|Any CPU.ActiveCfg = Debug|Any CPU
		{B5125C96-2596-4674-B089-6087FCB91077}.Debug|Any CPU.Build.0 = Debug|Any CPU
		{B5125C96-2596-4674-B089-6087FCB91077}.Release|Any CPU.ActiveCfg = Release|Any CPU
		{B5125C96-2596-4674-B089-6087FCB91077}.Release|Any CPU.Build.0 = Release|Any CPU
		{3B69C66D-46D3-4D08-B1CC-8FD9206C5AE9}.Debug|Any CPU.ActiveCfg = Debug|Any CPU
		{3B69C66D-46D3-4D08-B1CC-8FD9206C5AE9}.Debug|Any CPU.Build.0 = Debug|Any CPU
		{3B69C66D-46D3-4D08-B1CC-8FD9206C5AE9}.Release|Any CPU.ActiveCfg = Release|Any CPU
		{3B69C66D-46D3-4D08-B1CC-8FD9206C5AE9}.Release|Any CPU.Build.0 = Release|Any CPU
		{8D008ABE-4963-417F-89BE-3349B4FB825F}.Debug|Any CPU.ActiveCfg = Debug|Any CPU
		{8D008ABE-4963-417F-89BE-3349B4FB825F}.Debug|Any CPU.Build.0 = Debug|Any CPU
		{8D008ABE-4963-417F-89BE-3349B4FB825F}.Release|Any CPU.ActiveCfg = Release|Any CPU
		{8D008ABE-4963-417F-89BE-3349B4FB825F}.Release|Any CPU.Build.0 = Release|Any CPU
		{58DE8645-69B2-4124-A4B7-8FF07C2947CE}.Debug|Any CPU.ActiveCfg = Debug|Any CPU
		{58DE8645-69B2-4124-A4B7-8FF07C2947CE}.Debug|Any CPU.Build.0 = Debug|Any CPU
		{58DE8645-69B2-4124-A4B7-8FF07C2947CE}.Release|Any CPU.ActiveCfg = Release|Any CPU
		{58DE8645-69B2-4124-A4B7-8FF07C2947CE}.Release|Any CPU.Build.0 = Release|Any CPU
	EndGlobalSection
	GlobalSection(SolutionProperties) = preSolution
		HideSolutionNode = FALSE
	EndGlobalSection
	GlobalSection(ExtensibilityGlobals) = postSolution
		SolutionGuid = {12676540-78AB-4D85-801F-A42F64F529E9}
	EndGlobalSection
EndGlobal
